
Microsoft Visual Studio Solution File, Format Version 12.00
# Visual Studio Version 17
VisualStudioVersion = 17.9.34622.214
MinimumVisualStudioVersion = 10.0.40219.1
Project("{FAE04EC0-301F-11D3-BF4B-00C04F79EFBC}") = "01.HelloSoftUni", "01.HelloSoftUni\01.HelloSoftUni.csproj", "{B3983A39-7F5D-4B49-8FC8-D2E830150B0A}"
EndProject
Global
	GlobalSection(SolutionConfigurationPlatforms) = preSolution
		Debug|Any CPU = Debug|Any CPU
		Release|Any CPU = Release|Any CPU
	EndGlobalSection
	GlobalSection(ProjectConfigurationPlatforms) = postSolution
		{B3983A39-7F5D-4B49-8FC8-D2E830150B0A}.Debug|Any CPU.ActiveCfg = Debug|Any CPU
		{B3983A39-7F5D-4B49-8FC8-D2E830150B0A}.Debug|Any CPU.Build.0 = Debug|Any CPU
		{B3983A39-7F5D-4B49-8FC8-D2E830150B0A}.Release|Any CPU.ActiveCfg = Release|Any CPU
		{B3983A39-7F5D-4B49-8FC8-D2E830150B0A}.Release|Any CPU.Build.0 = Release|Any CPU
	EndGlobalSection
	GlobalSection(SolutionProperties) = preSolution
		HideSolutionNode = FALSE
	EndGlobalSection
	GlobalSection(ExtensibilityGlobals) = postSolution
		SolutionGuid = {DDF39804-A94B-4764-8C70-5E14D784160C}
	EndGlobalSection
EndGlobal
